
Microsoft Visual Studio Solution File, Format Version 12.00
# Visual Studio Version 17
VisualStudioVersion = 17.8.34525.116
MinimumVisualStudioVersion = 10.0.40219.1
Project("{FAE04EC0-301F-11D3-BF4B-00C04F79EFBC}") = "Ejercicio 3 Parcial", "Ejercicio 3 Parcial\Ejercicio 3 Parcial.csproj", "{87822608-046B-4ADE-BA38-DAC9ECA75CD0}"
EndProject
Global
	GlobalSection(SolutionConfigurationPlatforms) = preSolution
		Debug|Any CPU = Debug|Any CPU
		Release|Any CPU = Release|Any CPU
	EndGlobalSection
	GlobalSection(ProjectConfigurationPlatforms) = postSolution
		{87822608-046B-4ADE-BA38-DAC9ECA75CD0}.Debug|Any CPU.ActiveCfg = Debug|Any CPU
		{87822608-046B-4ADE-BA38-DAC9ECA75CD0}.Debug|Any CPU.Build.0 = Debug|Any CPU
		{87822608-046B-4ADE-BA38-DAC9ECA75CD0}.Release|Any CPU.ActiveCfg = Release|Any CPU
		{87822608-046B-4ADE-BA38-DAC9ECA75CD0}.Release|Any CPU.Build.0 = Release|Any CPU
	EndGlobalSection
	GlobalSection(SolutionProperties) = preSolution
		HideSolutionNode = FALSE
	EndGlobalSection
	GlobalSection(ExtensibilityGlobals) = postSolution
		SolutionGuid = {AE5AF0C6-7E30-4AB8-873E-A20083740686}
	EndGlobalSection
EndGlobal
